
Microsoft Visual Studio Solution File, Format Version 12.00
Project("{FAE04EC0-301F-11D3-BF4B-00C04F79EFBC}") = "d03.Host", "d03.Host\d03.Host.csproj", "{7DF58F5B-99E0-4CDC-BC22-F99A6E445514}"
EndProject
Project("{FAE04EC0-301F-11D3-BF4B-00C04F79EFBC}") = "d03.Nasa", "d03.Nasa\d03.Nasa.csproj", "{70DFE4C9-A010-4A11-B57B-21916D3E5AD7}"
EndProject
Global
	GlobalSection(SolutionConfigurationPlatforms) = preSolution
		Debug|Any CPU = Debug|Any CPU
		Release|Any CPU = Release|Any CPU
	EndGlobalSection
	GlobalSection(ProjectConfigurationPlatforms) = postSolution
		{7DF58F5B-99E0-4CDC-BC22-F99A6E445514}.Debug|Any CPU.ActiveCfg = Debug|Any CPU
		{7DF58F5B-99E0-4CDC-BC22-F99A6E445514}.Debug|Any CPU.Build.0 = Debug|Any CPU
		{7DF58F5B-99E0-4CDC-BC22-F99A6E445514}.Release|Any CPU.ActiveCfg = Release|Any CPU
		{7DF58F5B-99E0-4CDC-BC22-F99A6E445514}.Release|Any CPU.Build.0 = Release|Any CPU
		{70DFE4C9-A010-4A11-B57B-21916D3E5AD7}.Debug|Any CPU.ActiveCfg = Debug|Any CPU
		{70DFE4C9-A010-4A11-B57B-21916D3E5AD7}.Debug|Any CPU.Build.0 = Debug|Any CPU
		{70DFE4C9-A010-4A11-B57B-21916D3E5AD7}.Release|Any CPU.ActiveCfg = Release|Any CPU
		{70DFE4C9-A010-4A11-B57B-21916D3E5AD7}.Release|Any CPU.Build.0 = Release|Any CPU
	EndGlobalSection
EndGlobal
